// !$*UTF8*$!
{
	archiveVersion = 1;
	classes = {
	};
	objectVersion = 60;
	objects = {

/* Begin PBXBuildFile section */
		B10F2FA22AA5D980000B1741 /* AllianceChatView.swift in Sources */ = {isa = PBXBuildFile; fileRef = B10F2FA12AA5D980000B1741 /* AllianceChatView.swift */; };
		B10F2FA42AA5DC3E000B1741 /* ChatMessageRow.swift in Sources */ = {isa = PBXBuildFile; fileRef = B10F2FA32AA5DC3E000B1741 /* ChatMessageRow.swift */; };
		B10F2FA92AA5ECFA000B1741 /* BuildingDetailsView.swift in Sources */ = {isa = PBXBuildFile; fileRef = B10F2FA82AA5ECFA000B1741 /* BuildingDetailsView.swift */; };
		B10F2FAB2AA65393000B1741 /* BuildingDetailsViewModel.swift in Sources */ = {isa = PBXBuildFile; fileRef = B10F2FAA2AA65393000B1741 /* BuildingDetailsViewModel.swift */; };
		B11B4CCE2AAB86A5000C9422 /* VehicleRowView.swift in Sources */ = {isa = PBXBuildFile; fileRef = B11B4CCD2AAB86A5000C9422 /* VehicleRowView.swift */; };
		B11B4CD02AAB99A7000C9422 /* EmergencyCallRow.swift in Sources */ = {isa = PBXBuildFile; fileRef = B11B4CCF2AAB99A7000C9422 /* EmergencyCallRow.swift */; };
		B11B9F382AA72A9900C18313 /* VehiclesTable.swift in Sources */ = {isa = PBXBuildFile; fileRef = B11B9F372AA72A9900C18313 /* VehiclesTable.swift */; };
		B11B9F3A2AA72CE500C18313 /* VehicleDetailsView.swift in Sources */ = {isa = PBXBuildFile; fileRef = B11B9F392AA72CE500C18313 /* VehicleDetailsView.swift */; };
		B1424A752ACDE93000CBDCF3 /* main.swift in Sources */ = {isa = PBXBuildFile; fileRef = B1424A742ACDE93000CBDCF3 /* main.swift */; };
		B1424A7A2ACDE9E000CBDCF3 /* LssKit in Frameworks */ = {isa = PBXBuildFile; productRef = B1424A792ACDE9E000CBDCF3 /* LssKit */; };
		B142A56E2AA38BC0001B4D9A /* EmergencyCallsTable.swift in Sources */ = {isa = PBXBuildFile; fileRef = B142A56D2AA38BC0001B4D9A /* EmergencyCallsTable.swift */; };
		B142A5742AA3E473001B4D9A /* EmergencyCallDetailsView.swift in Sources */ = {isa = PBXBuildFile; fileRef = B142A5732AA3E473001B4D9A /* EmergencyCallDetailsView.swift */; };
		B1558DC72AC5D0A800BA7E96 /* VehicleTypeRow.swift in Sources */ = {isa = PBXBuildFile; fileRef = B1558DC62AC5D0A800BA7E96 /* VehicleTypeRow.swift */; };
		B18FD8FE2AA36FB90094FFBC /* LssKit in Frameworks */ = {isa = PBXBuildFile; productRef = B18FD8FD2AA36FB90094FFBC /* LssKit */; };
		B19ADC142AA0F6E20013B88C /* McLeitstelleApp.swift in Sources */ = {isa = PBXBuildFile; fileRef = B19ADC132AA0F6E20013B88C /* McLeitstelleApp.swift */; };
		B19ADC162AA0F6E20013B88C /* ContentView.swift in Sources */ = {isa = PBXBuildFile; fileRef = B19ADC152AA0F6E20013B88C /* ContentView.swift */; };
		B19ADC182AA0F6E20013B88C /* Item.swift in Sources */ = {isa = PBXBuildFile; fileRef = B19ADC172AA0F6E20013B88C /* Item.swift */; };
		B19ADC1A2AA0F6E30013B88C /* Assets.xcassets in Resources */ = {isa = PBXBuildFile; fileRef = B19ADC192AA0F6E30013B88C /* Assets.xcassets */; };
		B19ADC1E2AA0F6E30013B88C /* Preview Assets.xcassets in Resources */ = {isa = PBXBuildFile; fileRef = B19ADC1D2AA0F6E30013B88C /* Preview Assets.xcassets */; };
		B19ADC272AA0F7D00013B88C /* Sidebar.swift in Sources */ = {isa = PBXBuildFile; fileRef = B19ADC262AA0F7D00013B88C /* Sidebar.swift */; };
		B19B20642AA8DA990045B84E /* MarkerFilter.swift in Sources */ = {isa = PBXBuildFile; fileRef = B19B20632AA8DA990045B84E /* MarkerFilter.swift */; };
		B1A3E0632AA11937006CD44D /* DetailColumn.swift in Sources */ = {isa = PBXBuildFile; fileRef = B1A3E0622AA11937006CD44D /* DetailColumn.swift */; };
		B1A3E0682AA11996006CD44D /* DashboardView.swift in Sources */ = {isa = PBXBuildFile; fileRef = B1A3E0672AA11996006CD44D /* DashboardView.swift */; };
		B1A3E06B2AA11B93006CD44D /* EmergencyCallsView.swift in Sources */ = {isa = PBXBuildFile; fileRef = B1A3E06A2AA11B93006CD44D /* EmergencyCallsView.swift */; };
		B1A3E06E2AA11C00006CD44D /* BuildingsView.swift in Sources */ = {isa = PBXBuildFile; fileRef = B1A3E06D2AA11C00006CD44D /* BuildingsView.swift */; };
		B1A3E0712AA11C28006CD44D /* VehiclesView.swift in Sources */ = {isa = PBXBuildFile; fileRef = B1A3E0702AA11C28006CD44D /* VehiclesView.swift */; };
		B1A3E0742AA11C4B006CD44D /* AllianceView.swift in Sources */ = {isa = PBXBuildFile; fileRef = B1A3E0732AA11C4B006CD44D /* AllianceView.swift */; };
		B1A3E0782AA11C72006CD44D /* FinancesView.swift in Sources */ = {isa = PBXBuildFile; fileRef = B1A3E0772AA11C72006CD44D /* FinancesView.swift */; };
		B1A3E07A2AA11C89006CD44D /* AccountView.swift in Sources */ = {isa = PBXBuildFile; fileRef = B1A3E0792AA11C89006CD44D /* AccountView.swift */; };
		B1B7688F2AACDE360068895A /* RadioMessageRow.swift in Sources */ = {isa = PBXBuildFile; fileRef = B1B7688E2AACDE360068895A /* RadioMessageRow.swift */; };
		B1BED2222AA4A58B0029DE3E /* LoginView.swift in Sources */ = {isa = PBXBuildFile; fileRef = B1BED2212AA4A58B0029DE3E /* LoginView.swift */; };
		B1BED2272AA51CCF0029DE3E /* BuildingsTable.swift in Sources */ = {isa = PBXBuildFile; fileRef = B1BED2262AA51CCF0029DE3E /* BuildingsTable.swift */; };
		B1BED2292AA528010029DE3E /* OwnerFilter.swift in Sources */ = {isa = PBXBuildFile; fileRef = B1BED2282AA528010029DE3E /* OwnerFilter.swift */; };
		B1CAFA362ACE17D100815AD9 /* Publisher+AsyncSink.swift in Sources */ = {isa = PBXBuildFile; fileRef = B1CAFA352ACE17D100815AD9 /* Publisher+AsyncSink.swift */; };
/* End PBXBuildFile section */

/* Begin PBXCopyFilesBuildPhase section */
		B1424A702ACDE93000CBDCF3 /* CopyFiles */ = {
			isa = PBXCopyFilesBuildPhase;
			buildActionMask = 2147483647;
			dstPath = /usr/share/man/man1/;
			dstSubfolderSpec = 0;
			files = (
			);
			runOnlyForDeploymentPostprocessing = 1;
		};
/* End PBXCopyFilesBuildPhase section */

/* Begin PBXFileReference section */
		B10F2FA12AA5D980000B1741 /* AllianceChatView.swift */ = {isa = PBXFileReference; lastKnownFileType = sourcecode.swift; path = AllianceChatView.swift; sourceTree = "<group>"; };
		B10F2FA32AA5DC3E000B1741 /* ChatMessageRow.swift */ = {isa = PBXFileReference; lastKnownFileType = sourcecode.swift; path = ChatMessageRow.swift; sourceTree = "<group>"; };
		B10F2FA82AA5ECFA000B1741 /* BuildingDetailsView.swift */ = {isa = PBXFileReference; lastKnownFileType = sourcecode.swift; path = BuildingDetailsView.swift; sourceTree = "<group>"; };
		B10F2FAA2AA65393000B1741 /* BuildingDetailsViewModel.swift */ = {isa = PBXFileReference; lastKnownFileType = sourcecode.swift; path = BuildingDetailsViewModel.swift; sourceTree = "<group>"; };
		B11B4CCD2AAB86A5000C9422 /* VehicleRowView.swift */ = {isa = PBXFileReference; lastKnownFileType = sourcecode.swift; path = VehicleRowView.swift; sourceTree = "<group>"; };
		B11B4CCF2AAB99A7000C9422 /* EmergencyCallRow.swift */ = {isa = PBXFileReference; lastKnownFileType = sourcecode.swift; path = EmergencyCallRow.swift; sourceTree = "<group>"; };
		B11B9F372AA72A9900C18313 /* VehiclesTable.swift */ = {isa = PBXFileReference; lastKnownFileType = sourcecode.swift; path = VehiclesTable.swift; sourceTree = "<group>"; };
		B11B9F392AA72CE500C18313 /* VehicleDetailsView.swift */ = {isa = PBXFileReference; lastKnownFileType = sourcecode.swift; path = VehicleDetailsView.swift; sourceTree = "<group>"; };
		B1424A722ACDE93000CBDCF3 /* McLeitstelleCli */ = {isa = PBXFileReference; explicitFileType = "compiled.mach-o.executable"; includeInIndex = 0; path = McLeitstelleCli; sourceTree = BUILT_PRODUCTS_DIR; };
		B1424A742ACDE93000CBDCF3 /* main.swift */ = {isa = PBXFileReference; lastKnownFileType = sourcecode.swift; path = main.swift; sourceTree = "<group>"; };
		B142A56D2AA38BC0001B4D9A /* EmergencyCallsTable.swift */ = {isa = PBXFileReference; lastKnownFileType = sourcecode.swift; path = EmergencyCallsTable.swift; sourceTree = "<group>"; };
		B142A5732AA3E473001B4D9A /* EmergencyCallDetailsView.swift */ = {isa = PBXFileReference; lastKnownFileType = sourcecode.swift; path = EmergencyCallDetailsView.swift; sourceTree = "<group>"; };
		B1558DC62AC5D0A800BA7E96 /* VehicleTypeRow.swift */ = {isa = PBXFileReference; lastKnownFileType = sourcecode.swift; path = VehicleTypeRow.swift; sourceTree = "<group>"; };
		B19ADC102AA0F6E20013B88C /* McLeitstelle.app */ = {isa = PBXFileReference; explicitFileType = wrapper.application; includeInIndex = 0; path = McLeitstelle.app; sourceTree = BUILT_PRODUCTS_DIR; };
		B19ADC132AA0F6E20013B88C /* McLeitstelleApp.swift */ = {isa = PBXFileReference; lastKnownFileType = sourcecode.swift; path = McLeitstelleApp.swift; sourceTree = "<group>"; };
		B19ADC152AA0F6E20013B88C /* ContentView.swift */ = {isa = PBXFileReference; lastKnownFileType = sourcecode.swift; path = ContentView.swift; sourceTree = "<group>"; };
		B19ADC172AA0F6E20013B88C /* Item.swift */ = {isa = PBXFileReference; lastKnownFileType = sourcecode.swift; path = Item.swift; sourceTree = "<group>"; };
		B19ADC192AA0F6E30013B88C /* Assets.xcassets */ = {isa = PBXFileReference; lastKnownFileType = folder.assetcatalog; path = Assets.xcassets; sourceTree = "<group>"; };
		B19ADC1B2AA0F6E30013B88C /* McLeitstelle.entitlements */ = {isa = PBXFileReference; lastKnownFileType = text.plist.entitlements; path = McLeitstelle.entitlements; sourceTree = "<group>"; };
		B19ADC1D2AA0F6E30013B88C /* Preview Assets.xcassets */ = {isa = PBXFileReference; lastKnownFileType = folder.assetcatalog; path = "Preview Assets.xcassets"; sourceTree = "<group>"; };
		B19ADC242AA0F7750013B88C /* LSSKit */ = {isa = PBXFileReference; lastKnownFileType = wrapper; path = LSSKit; sourceTree = "<group>"; };
		B19ADC262AA0F7D00013B88C /* Sidebar.swift */ = {isa = PBXFileReference; lastKnownFileType = sourcecode.swift; path = Sidebar.swift; sourceTree = "<group>"; };
		B19B20632AA8DA990045B84E /* MarkerFilter.swift */ = {isa = PBXFileReference; lastKnownFileType = sourcecode.swift; path = MarkerFilter.swift; sourceTree = "<group>"; };
		B1A3E0622AA11937006CD44D /* DetailColumn.swift */ = {isa = PBXFileReference; lastKnownFileType = sourcecode.swift; path = DetailColumn.swift; sourceTree = "<group>"; };
		B1A3E0672AA11996006CD44D /* DashboardView.swift */ = {isa = PBXFileReference; lastKnownFileType = sourcecode.swift; path = DashboardView.swift; sourceTree = "<group>"; };
		B1A3E06A2AA11B93006CD44D /* EmergencyCallsView.swift */ = {isa = PBXFileReference; lastKnownFileType = sourcecode.swift; path = EmergencyCallsView.swift; sourceTree = "<group>"; };
		B1A3E06D2AA11C00006CD44D /* BuildingsView.swift */ = {isa = PBXFileReference; lastKnownFileType = sourcecode.swift; path = BuildingsView.swift; sourceTree = "<group>"; };
		B1A3E0702AA11C28006CD44D /* VehiclesView.swift */ = {isa = PBXFileReference; lastKnownFileType = sourcecode.swift; path = VehiclesView.swift; sourceTree = "<group>"; };
		B1A3E0732AA11C4B006CD44D /* AllianceView.swift */ = {isa = PBXFileReference; lastKnownFileType = sourcecode.swift; path = AllianceView.swift; sourceTree = "<group>"; };
		B1A3E0772AA11C72006CD44D /* FinancesView.swift */ = {isa = PBXFileReference; lastKnownFileType = sourcecode.swift; path = FinancesView.swift; sourceTree = "<group>"; };
		B1A3E0792AA11C89006CD44D /* AccountView.swift */ = {isa = PBXFileReference; lastKnownFileType = sourcecode.swift; path = AccountView.swift; sourceTree = "<group>"; };
		B1B7688E2AACDE360068895A /* RadioMessageRow.swift */ = {isa = PBXFileReference; lastKnownFileType = sourcecode.swift; path = RadioMessageRow.swift; sourceTree = "<group>"; };
		B1BED2212AA4A58B0029DE3E /* LoginView.swift */ = {isa = PBXFileReference; lastKnownFileType = sourcecode.swift; path = LoginView.swift; sourceTree = "<group>"; };
		B1BED2262AA51CCF0029DE3E /* BuildingsTable.swift */ = {isa = PBXFileReference; lastKnownFileType = sourcecode.swift; path = BuildingsTable.swift; sourceTree = "<group>"; };
		B1BED2282AA528010029DE3E /* OwnerFilter.swift */ = {isa = PBXFileReference; lastKnownFileType = sourcecode.swift; path = OwnerFilter.swift; sourceTree = "<group>"; };
		B1CAFA352ACE17D100815AD9 /* Publisher+AsyncSink.swift */ = {isa = PBXFileReference; lastKnownFileType = sourcecode.swift; path = "Publisher+AsyncSink.swift"; sourceTree = "<group>"; };
/* End PBXFileReference section */

/* Begin PBXFrameworksBuildPhase section */
		B1424A6F2ACDE93000CBDCF3 /* Frameworks */ = {
			isa = PBXFrameworksBuildPhase;
			buildActionMask = 2147483647;
			files = (
				B1424A7A2ACDE9E000CBDCF3 /* LssKit in Frameworks */,
			);
			runOnlyForDeploymentPostprocessing = 0;
		};
		B19ADC0D2AA0F6E20013B88C /* Frameworks */ = {
			isa = PBXFrameworksBuildPhase;
			buildActionMask = 2147483647;
			files = (
				B18FD8FE2AA36FB90094FFBC /* LssKit in Frameworks */,
			);
			runOnlyForDeploymentPostprocessing = 0;
		};
/* End PBXFrameworksBuildPhase section */

/* Begin PBXGroup section */
		B1013E932AA4150C00AFA870 /* Helper */ = {
			isa = PBXGroup;
			children = (
				B1BED2282AA528010029DE3E /* OwnerFilter.swift */,
				B19B20632AA8DA990045B84E /* MarkerFilter.swift */,
			);
			path = Helper;
			sourceTree = "<group>";
		};
		B10F2FA02AA5D972000B1741 /* Chat */ = {
			isa = PBXGroup;
			children = (
				B10F2FA12AA5D980000B1741 /* AllianceChatView.swift */,
				B10F2FA32AA5DC3E000B1741 /* ChatMessageRow.swift */,
			);
			path = Chat;
			sourceTree = "<group>";
		};
		B1424A732ACDE93000CBDCF3 /* McLeitstelleCli */ = {
			isa = PBXGroup;
			children = (
				B1424A742ACDE93000CBDCF3 /* main.swift */,
				B1CAFA352ACE17D100815AD9 /* Publisher+AsyncSink.swift */,
			);
			path = McLeitstelleCli;
			sourceTree = "<group>";
		};
		B18FD8FC2AA36FB90094FFBC /* Frameworks */ = {
			isa = PBXGroup;
			children = (
			);
			name = Frameworks;
			sourceTree = "<group>";
		};
		B19ADC072AA0F6E20013B88C = {
			isa = PBXGroup;
			children = (
				B19ADC122AA0F6E20013B88C /* McLeitstelle */,
				B19ADC242AA0F7750013B88C /* LSSKit */,
				B1424A732ACDE93000CBDCF3 /* McLeitstelleCli */,
				B19ADC112AA0F6E20013B88C /* Products */,
				B18FD8FC2AA36FB90094FFBC /* Frameworks */,
			);
			sourceTree = "<group>";
		};
		B19ADC112AA0F6E20013B88C /* Products */ = {
			isa = PBXGroup;
			children = (
				B19ADC102AA0F6E20013B88C /* McLeitstelle.app */,
				B1424A722ACDE93000CBDCF3 /* McLeitstelleCli */,
			);
			name = Products;
			sourceTree = "<group>";
		};
		B19ADC122AA0F6E20013B88C /* McLeitstelle */ = {
			isa = PBXGroup;
			children = (
				B10F2FA02AA5D972000B1741 /* Chat */,
				B1BED2232AA4B6AD0029DE3E /* Models */,
				B1013E932AA4150C00AFA870 /* Helper */,
				B1A3E0762AA11C65006CD44D /* Account */,
				B1A3E0752AA11C60006CD44D /* Finances */,
				B1A3E0722AA11C40006CD44D /* Alliance */,
				B1A3E06F2AA11C1C006CD44D /* Vehicles */,
				B1A3E06C2AA11BF5006CD44D /* Buildings */,
				B1A3E0692AA11B29006CD44D /* EmergencyCalls */,
				B1A3E0642AA1196E006CD44D /* Dashboard */,
				B19ADC252AA0F7BB0013B88C /* Navigation */,
				B19ADC132AA0F6E20013B88C /* McLeitstelleApp.swift */,
				B19ADC192AA0F6E30013B88C /* Assets.xcassets */,
				B19ADC1B2AA0F6E30013B88C /* McLeitstelle.entitlements */,
				B19ADC1C2AA0F6E30013B88C /* Preview Content */,
			);
			path = McLeitstelle;
			sourceTree = "<group>";
		};
		B19ADC1C2AA0F6E30013B88C /* Preview Content */ = {
			isa = PBXGroup;
			children = (
				B19ADC1D2AA0F6E30013B88C /* Preview Assets.xcassets */,
			);
			path = "Preview Content";
			sourceTree = "<group>";
		};
		B19ADC252AA0F7BB0013B88C /* Navigation */ = {
			isa = PBXGroup;
			children = (
				B19ADC152AA0F6E20013B88C /* ContentView.swift */,
				B19ADC262AA0F7D00013B88C /* Sidebar.swift */,
				B1A3E0622AA11937006CD44D /* DetailColumn.swift */,
			);
			path = Navigation;
			sourceTree = "<group>";
		};
		B1A3E0642AA1196E006CD44D /* Dashboard */ = {
			isa = PBXGroup;
			children = (
				B1A3E0672AA11996006CD44D /* DashboardView.swift */,
				B1B7688E2AACDE360068895A /* RadioMessageRow.swift */,
			);
			path = Dashboard;
			sourceTree = "<group>";
		};
		B1A3E0692AA11B29006CD44D /* EmergencyCalls */ = {
			isa = PBXGroup;
			children = (
				B1A3E06A2AA11B93006CD44D /* EmergencyCallsView.swift */,
				B142A56D2AA38BC0001B4D9A /* EmergencyCallsTable.swift */,
				B142A5732AA3E473001B4D9A /* EmergencyCallDetailsView.swift */,
				B11B4CCF2AAB99A7000C9422 /* EmergencyCallRow.swift */,
				B1558DC62AC5D0A800BA7E96 /* VehicleTypeRow.swift */,
			);
			path = EmergencyCalls;
			sourceTree = "<group>";
		};
		B1A3E06C2AA11BF5006CD44D /* Buildings */ = {
			isa = PBXGroup;
			children = (
				B1A3E06D2AA11C00006CD44D /* BuildingsView.swift */,
				B1BED2262AA51CCF0029DE3E /* BuildingsTable.swift */,
				B10F2FA82AA5ECFA000B1741 /* BuildingDetailsView.swift */,
				B10F2FAA2AA65393000B1741 /* BuildingDetailsViewModel.swift */,
			);
			path = Buildings;
			sourceTree = "<group>";
		};
		B1A3E06F2AA11C1C006CD44D /* Vehicles */ = {
			isa = PBXGroup;
			children = (
				B1A3E0702AA11C28006CD44D /* VehiclesView.swift */,
				B11B9F372AA72A9900C18313 /* VehiclesTable.swift */,
				B11B9F392AA72CE500C18313 /* VehicleDetailsView.swift */,
				B11B4CCD2AAB86A5000C9422 /* VehicleRowView.swift */,
			);
			path = Vehicles;
			sourceTree = "<group>";
		};
		B1A3E0722AA11C40006CD44D /* Alliance */ = {
			isa = PBXGroup;
			children = (
				B1A3E0732AA11C4B006CD44D /* AllianceView.swift */,
			);
			path = Alliance;
			sourceTree = "<group>";
		};
		B1A3E0752AA11C60006CD44D /* Finances */ = {
			isa = PBXGroup;
			children = (
				B1A3E0772AA11C72006CD44D /* FinancesView.swift */,
			);
			path = Finances;
			sourceTree = "<group>";
		};
		B1A3E0762AA11C65006CD44D /* Account */ = {
			isa = PBXGroup;
			children = (
				B1A3E0792AA11C89006CD44D /* AccountView.swift */,
				B1BED2212AA4A58B0029DE3E /* LoginView.swift */,
			);
			path = Account;
			sourceTree = "<group>";
		};
		B1BED2232AA4B6AD0029DE3E /* Models */ = {
			isa = PBXGroup;
			children = (
				B19ADC172AA0F6E20013B88C /* Item.swift */,
			);
			path = Models;
			sourceTree = "<group>";
		};
/* End PBXGroup section */

/* Begin PBXNativeTarget section */
		B1424A712ACDE93000CBDCF3 /* McLeitstelleCli */ = {
			isa = PBXNativeTarget;
			buildConfigurationList = B1424A762ACDE93000CBDCF3 /* Build configuration list for PBXNativeTarget "McLeitstelleCli" */;
			buildPhases = (
				B1424A6E2ACDE93000CBDCF3 /* Sources */,
				B1424A6F2ACDE93000CBDCF3 /* Frameworks */,
				B1424A702ACDE93000CBDCF3 /* CopyFiles */,
			);
			buildRules = (
			);
			dependencies = (
			);
			name = McLeitstelleCli;
			packageProductDependencies = (
				B1424A792ACDE9E000CBDCF3 /* LssKit */,
			);
			productName = McLeitstelleCli;
			productReference = B1424A722ACDE93000CBDCF3 /* McLeitstelleCli */;
			productType = "com.apple.product-type.tool";
		};
		B19ADC0F2AA0F6E20013B88C /* McLeitstelle */ = {
			isa = PBXNativeTarget;
			buildConfigurationList = B19ADC212AA0F6E30013B88C /* Build configuration list for PBXNativeTarget "McLeitstelle" */;
			buildPhases = (
				B19ADC0C2AA0F6E20013B88C /* Sources */,
				B19ADC0D2AA0F6E20013B88C /* Frameworks */,
				B19ADC0E2AA0F6E20013B88C /* Resources */,
			);
			buildRules = (
			);
			dependencies = (
			);
			name = McLeitstelle;
			packageProductDependencies = (
				B18FD8FD2AA36FB90094FFBC /* LssKit */,
			);
			productName = McLeitstelle;
			productReference = B19ADC102AA0F6E20013B88C /* McLeitstelle.app */;
			productType = "com.apple.product-type.application";
		};
/* End PBXNativeTarget section */

/* Begin PBXProject section */
		B19ADC082AA0F6E20013B88C /* Project object */ = {
			isa = PBXProject;
			attributes = {
				BuildIndependentTargetsInParallel = 1;
				LastSwiftUpdateCheck = 1500;
				LastUpgradeCheck = 1500;
				TargetAttributes = {
					B1424A712ACDE93000CBDCF3 = {
						CreatedOnToolsVersion = 15.0;
					};
					B19ADC0F2AA0F6E20013B88C = {
						CreatedOnToolsVersion = 15.0;
					};
				};
			};
			buildConfigurationList = B19ADC0B2AA0F6E20013B88C /* Build configuration list for PBXProject "McLeitstelle" */;
			compatibilityVersion = "Xcode 15.0";
			developmentRegion = en;
			hasScannedForEncodings = 0;
			knownRegions = (
				en,
				Base,
			);
			mainGroup = B19ADC072AA0F6E20013B88C;
			productRefGroup = B19ADC112AA0F6E20013B88C /* Products */;
			projectDirPath = "";
			projectRoot = "";
			targets = (
				B19ADC0F2AA0F6E20013B88C /* McLeitstelle */,
				B1424A712ACDE93000CBDCF3 /* McLeitstelleCli */,
			);
		};
/* End PBXProject section */

/* Begin PBXResourcesBuildPhase section */
		B19ADC0E2AA0F6E20013B88C /* Resources */ = {
			isa = PBXResourcesBuildPhase;
			buildActionMask = 2147483647;
			files = (
				B19ADC1E2AA0F6E30013B88C /* Preview Assets.xcassets in Resources */,
				B19ADC1A2AA0F6E30013B88C /* Assets.xcassets in Resources */,
			);
			runOnlyForDeploymentPostprocessing = 0;
		};
/* End PBXResourcesBuildPhase section */

/* Begin PBXSourcesBuildPhase section */
		B1424A6E2ACDE93000CBDCF3 /* Sources */ = {
			isa = PBXSourcesBuildPhase;
			buildActionMask = 2147483647;
			files = (
				B1CAFA362ACE17D100815AD9 /* Publisher+AsyncSink.swift in Sources */,
				B1424A752ACDE93000CBDCF3 /* main.swift in Sources */,
			);
			runOnlyForDeploymentPostprocessing = 0;
		};
		B19ADC0C2AA0F6E20013B88C /* Sources */ = {
			isa = PBXSourcesBuildPhase;
			buildActionMask = 2147483647;
			files = (
				B1B7688F2AACDE360068895A /* RadioMessageRow.swift in Sources */,
				B1A3E07A2AA11C89006CD44D /* AccountView.swift in Sources */,
				B11B9F382AA72A9900C18313 /* VehiclesTable.swift in Sources */,
				B1A3E0712AA11C28006CD44D /* VehiclesView.swift in Sources */,
				B1BED2222AA4A58B0029DE3E /* LoginView.swift in Sources */,
				B142A56E2AA38BC0001B4D9A /* EmergencyCallsTable.swift in Sources */,
				B19ADC162AA0F6E20013B88C /* ContentView.swift in Sources */,
				B1558DC72AC5D0A800BA7E96 /* VehicleTypeRow.swift in Sources */,
				B19ADC182AA0F6E20013B88C /* Item.swift in Sources */,
				B1A3E06E2AA11C00006CD44D /* BuildingsView.swift in Sources */,
				B11B4CCE2AAB86A5000C9422 /* VehicleRowView.swift in Sources */,
				B1BED2272AA51CCF0029DE3E /* BuildingsTable.swift in Sources */,
				B10F2FAB2AA65393000B1741 /* BuildingDetailsViewModel.swift in Sources */,
				B19ADC272AA0F7D00013B88C /* Sidebar.swift in Sources */,
				B19B20642AA8DA990045B84E /* MarkerFilter.swift in Sources */,
				B142A5742AA3E473001B4D9A /* EmergencyCallDetailsView.swift in Sources */,
				B19ADC142AA0F6E20013B88C /* McLeitstelleApp.swift in Sources */,
				B1A3E0682AA11996006CD44D /* DashboardView.swift in Sources */,
				B1A3E0742AA11C4B006CD44D /* AllianceView.swift in Sources */,
				B10F2FA22AA5D980000B1741 /* AllianceChatView.swift in Sources */,
				B10F2FA92AA5ECFA000B1741 /* BuildingDetailsView.swift in Sources */,
				B1A3E06B2AA11B93006CD44D /* EmergencyCallsView.swift in Sources */,
				B11B9F3A2AA72CE500C18313 /* VehicleDetailsView.swift in Sources */,
				B1A3E0632AA11937006CD44D /* DetailColumn.swift in Sources */,
				B10F2FA42AA5DC3E000B1741 /* ChatMessageRow.swift in Sources */,
				B1A3E0782AA11C72006CD44D /* FinancesView.swift in Sources */,
				B11B4CD02AAB99A7000C9422 /* EmergencyCallRow.swift in Sources */,
				B1BED2292AA528010029DE3E /* OwnerFilter.swift in Sources */,
			);
			runOnlyForDeploymentPostprocessing = 0;
		};
/* End PBXSourcesBuildPhase section */

/* Begin XCBuildConfiguration section */
		B1424A772ACDE93000CBDCF3 /* Debug */ = {
			isa = XCBuildConfiguration;
			buildSettings = {
				CODE_SIGN_STYLE = Automatic;
				DEVELOPMENT_TEAM = T6Y826PCAK;
				ENABLE_HARDENED_RUNTIME = YES;
				MACOSX_DEPLOYMENT_TARGET = 14.0;
				PRODUCT_BUNDLE_IDENTIFIER = dev.paulober.McLeitstelleCli;
				PRODUCT_NAME = "$(TARGET_NAME)";
				SDKROOT = macosx;
				SWIFT_VERSION = 5.0;
			};
			name = Debug;
		};
		B1424A782ACDE93000CBDCF3 /* Release */ = {
			isa = XCBuildConfiguration;
			buildSettings = {
				CODE_SIGN_STYLE = Automatic;
				DEVELOPMENT_TEAM = T6Y826PCAK;
				ENABLE_HARDENED_RUNTIME = YES;
				MACOSX_DEPLOYMENT_TARGET = 14.0;
				PRODUCT_BUNDLE_IDENTIFIER = dev.paulober.McLeitstelleCli;
				PRODUCT_NAME = "$(TARGET_NAME)";
				SDKROOT = macosx;
				SWIFT_VERSION = 5.0;
			};
			name = Release;
		};
		B19ADC1F2AA0F6E30013B88C /* Debug */ = {
			isa = XCBuildConfiguration;
			buildSettings = {
				ALWAYS_SEARCH_USER_PATHS = NO;
				ASSETCATALOG_COMPILER_GENERATE_SWIFT_ASSET_SYMBOL_EXTENSIONS = YES;
				CLANG_ANALYZER_NONNULL = YES;
				CLANG_ANALYZER_NUMBER_OBJECT_CONVERSION = YES_AGGRESSIVE;
				CLANG_CXX_LANGUAGE_STANDARD = "gnu++20";
				CLANG_ENABLE_MODULES = YES;
				CLANG_ENABLE_OBJC_ARC = YES;
				CLANG_ENABLE_OBJC_WEAK = YES;
				CLANG_WARN_BLOCK_CAPTURE_AUTORELEASING = YES;
				CLANG_WARN_BOOL_CONVERSION = YES;
				CLANG_WARN_COMMA = YES;
				CLANG_WARN_CONSTANT_CONVERSION = YES;
				CLANG_WARN_DEPRECATED_OBJC_IMPLEMENTATIONS = YES;
				CLANG_WARN_DIRECT_OBJC_ISA_USAGE = YES_ERROR;
				CLANG_WARN_DOCUMENTATION_COMMENTS = YES;
				CLANG_WARN_EMPTY_BODY = YES;
				CLANG_WARN_ENUM_CONVERSION = YES;
				CLANG_WARN_INFINITE_RECURSION = YES;
				CLANG_WARN_INT_CONVERSION = YES;
				CLANG_WARN_NON_LITERAL_NULL_CONVERSION = YES;
				CLANG_WARN_OBJC_IMPLICIT_RETAIN_SELF = YES;
				CLANG_WARN_OBJC_LITERAL_CONVERSION = YES;
				CLANG_WARN_OBJC_ROOT_CLASS = YES_ERROR;
				CLANG_WARN_QUOTED_INCLUDE_IN_FRAMEWORK_HEADER = YES;
				CLANG_WARN_RANGE_LOOP_ANALYSIS = YES;
				CLANG_WARN_STRICT_PROTOTYPES = YES;
				CLANG_WARN_SUSPICIOUS_MOVE = YES;
				CLANG_WARN_UNGUARDED_AVAILABILITY = YES_AGGRESSIVE;
				CLANG_WARN_UNREACHABLE_CODE = YES;
				CLANG_WARN__DUPLICATE_METHOD_MATCH = YES;
				COPY_PHASE_STRIP = NO;
				DEBUG_INFORMATION_FORMAT = dwarf;
				ENABLE_STRICT_OBJC_MSGSEND = YES;
				ENABLE_TESTABILITY = YES;
				ENABLE_USER_SCRIPT_SANDBOXING = YES;
				GCC_C_LANGUAGE_STANDARD = gnu17;
				GCC_DYNAMIC_NO_PIC = NO;
				GCC_NO_COMMON_BLOCKS = YES;
				GCC_OPTIMIZATION_LEVEL = 0;
				GCC_PREPROCESSOR_DEFINITIONS = (
					"DEBUG=1",
					"$(inherited)",
				);
				GCC_WARN_64_TO_32_BIT_CONVERSION = YES;
				GCC_WARN_ABOUT_RETURN_TYPE = YES_ERROR;
				GCC_WARN_UNDECLARED_SELECTOR = YES;
				GCC_WARN_UNINITIALIZED_AUTOS = YES_AGGRESSIVE;
				GCC_WARN_UNUSED_FUNCTION = YES;
				GCC_WARN_UNUSED_VARIABLE = YES;
				LOCALIZATION_PREFERS_STRING_CATALOGS = YES;
				MTL_ENABLE_DEBUG_INFO = INCLUDE_SOURCE;
				MTL_FAST_MATH = YES;
				ONLY_ACTIVE_ARCH = YES;
				SWIFT_ACTIVE_COMPILATION_CONDITIONS = "DEBUG $(inherited)";
				SWIFT_OPTIMIZATION_LEVEL = "-Onone";
			};
			name = Debug;
		};
		B19ADC202AA0F6E30013B88C /* Release */ = {
			isa = XCBuildConfiguration;
			buildSettings = {
				ALWAYS_SEARCH_USER_PATHS = NO;
				ASSETCATALOG_COMPILER_GENERATE_SWIFT_ASSET_SYMBOL_EXTENSIONS = YES;
				CLANG_ANALYZER_NONNULL = YES;
				CLANG_ANALYZER_NUMBER_OBJECT_CONVERSION = YES_AGGRESSIVE;
				CLANG_CXX_LANGUAGE_STANDARD = "gnu++20";
				CLANG_ENABLE_MODULES = YES;
				CLANG_ENABLE_OBJC_ARC = YES;
				CLANG_ENABLE_OBJC_WEAK = YES;
				CLANG_WARN_BLOCK_CAPTURE_AUTORELEASING = YES;
				CLANG_WARN_BOOL_CONVERSION = YES;
				CLANG_WARN_COMMA = YES;
				CLANG_WARN_CONSTANT_CONVERSION = YES;
				CLANG_WARN_DEPRECATED_OBJC_IMPLEMENTATIONS = YES;
				CLANG_WARN_DIRECT_OBJC_ISA_USAGE = YES_ERROR;
				CLANG_WARN_DOCUMENTATION_COMMENTS = YES;
				CLANG_WARN_EMPTY_BODY = YES;
				CLANG_WARN_ENUM_CONVERSION = YES;
				CLANG_WARN_INFINITE_RECURSION = YES;
				CLANG_WARN_INT_CONVERSION = YES;
				CLANG_WARN_NON_LITERAL_NULL_CONVERSION = YES;
				CLANG_WARN_OBJC_IMPLICIT_RETAIN_SELF = YES;
				CLANG_WARN_OBJC_LITERAL_CONVERSION = YES;
				CLANG_WARN_OBJC_ROOT_CLASS = YES_ERROR;
				CLANG_WARN_QUOTED_INCLUDE_IN_FRAMEWORK_HEADER = YES;
				CLANG_WARN_RANGE_LOOP_ANALYSIS = YES;
				CLANG_WARN_STRICT_PROTOTYPES = YES;
				CLANG_WARN_SUSPICIOUS_MOVE = YES;
				CLANG_WARN_UNGUARDED_AVAILABILITY = YES_AGGRESSIVE;
				CLANG_WARN_UNREACHABLE_CODE = YES;
				CLANG_WARN__DUPLICATE_METHOD_MATCH = YES;
				COPY_PHASE_STRIP = NO;
				DEBUG_INFORMATION_FORMAT = "dwarf-with-dsym";
				ENABLE_NS_ASSERTIONS = NO;
				ENABLE_STRICT_OBJC_MSGSEND = YES;
				ENABLE_USER_SCRIPT_SANDBOXING = YES;
				GCC_C_LANGUAGE_STANDARD = gnu17;
				GCC_NO_COMMON_BLOCKS = YES;
				GCC_WARN_64_TO_32_BIT_CONVERSION = YES;
				GCC_WARN_ABOUT_RETURN_TYPE = YES_ERROR;
				GCC_WARN_UNDECLARED_SELECTOR = YES;
				GCC_WARN_UNINITIALIZED_AUTOS = YES_AGGRESSIVE;
				GCC_WARN_UNUSED_FUNCTION = YES;
				GCC_WARN_UNUSED_VARIABLE = YES;
				LOCALIZATION_PREFERS_STRING_CATALOGS = YES;
				MTL_ENABLE_DEBUG_INFO = NO;
				MTL_FAST_MATH = YES;
				SWIFT_COMPILATION_MODE = wholemodule;
			};
			name = Release;
		};
		B19ADC222AA0F6E30013B88C /* Debug */ = {
			isa = XCBuildConfiguration;
			buildSettings = {
				ASSETCATALOG_COMPILER_APPICON_NAME = AppIcon;
				"ASSETCATALOG_COMPILER_APPICON_NAME[sdk=iphoneos*]" = "AppIcon iOS";
				"ASSETCATALOG_COMPILER_APPICON_NAME[sdk=macosx*]" = "AppIcon macOS";
				ASSETCATALOG_COMPILER_GLOBAL_ACCENT_COLOR_NAME = AccentColor;
				CODE_SIGN_ENTITLEMENTS = McLeitstelle/McLeitstelle.entitlements;
				CODE_SIGN_STYLE = Automatic;
				CURRENT_PROJECT_VERSION = 1;
				DEVELOPMENT_ASSET_PATHS = "\"McLeitstelle/Preview Content\"";
				DEVELOPMENT_TEAM = T6Y826PCAK;
				ENABLE_HARDENED_RUNTIME = YES;
				ENABLE_PREVIEWS = YES;
				GENERATE_INFOPLIST_FILE = YES;
				INFOPLIST_KEY_CFBundleDisplayName = McLeitstelle;
				INFOPLIST_KEY_LSApplicationCategoryType = "public.app-category.strategy-games";
				"INFOPLIST_KEY_UIApplicationSceneManifest_Generation[sdk=iphoneos*]" = YES;
				"INFOPLIST_KEY_UIApplicationSceneManifest_Generation[sdk=iphonesimulator*]" = YES;
				"INFOPLIST_KEY_UIApplicationSupportsIndirectInputEvents[sdk=iphoneos*]" = YES;
				"INFOPLIST_KEY_UIApplicationSupportsIndirectInputEvents[sdk=iphonesimulator*]" = YES;
				"INFOPLIST_KEY_UILaunchScreen_Generation[sdk=iphoneos*]" = YES;
				"INFOPLIST_KEY_UILaunchScreen_Generation[sdk=iphonesimulator*]" = YES;
				"INFOPLIST_KEY_UIStatusBarStyle[sdk=iphoneos*]" = UIStatusBarStyleDefault;
				"INFOPLIST_KEY_UIStatusBarStyle[sdk=iphonesimulator*]" = UIStatusBarStyleDefault;
				INFOPLIST_KEY_UISupportedInterfaceOrientations_iPad = "UIInterfaceOrientationPortrait UIInterfaceOrientationPortraitUpsideDown UIInterfaceOrientationLandscapeLeft UIInterfaceOrientationLandscapeRight";
				INFOPLIST_KEY_UISupportedInterfaceOrientations_iPhone = "UIInterfaceOrientationPortrait UIInterfaceOrientationLandscapeLeft UIInterfaceOrientationLandscapeRight";
				IPHONEOS_DEPLOYMENT_TARGET = 17.0;
				LD_RUNPATH_SEARCH_PATHS = "@executable_path/Frameworks";
				"LD_RUNPATH_SEARCH_PATHS[sdk=macosx*]" = "@executable_path/../Frameworks";
				MACOSX_DEPLOYMENT_TARGET = 14.0;
				MARKETING_VERSION = 1.0;
				PRODUCT_BUNDLE_IDENTIFIER = dev.paulober.McLeitstelle;
				PRODUCT_NAME = "$(TARGET_NAME)";
				SDKROOT = auto;
				SUPPORTED_PLATFORMS = "iphoneos iphonesimulator macosx";
				SWIFT_EMIT_LOC_STRINGS = YES;
				SWIFT_VERSION = 5.0;
				TARGETED_DEVICE_FAMILY = "1,2";
			};
			name = Debug;
		};
		B19ADC232AA0F6E30013B88C /* Release */ = {
			isa = XCBuildConfiguration;
			buildSettings = {
				ASSETCATALOG_COMPILER_APPICON_NAME = AppIcon;
				"ASSETCATALOG_COMPILER_APPICON_NAME[sdk=iphoneos*]" = "AppIcon iOS";
				"ASSETCATALOG_COMPILER_APPICON_NAME[sdk=macosx*]" = "AppIcon macOS";
				ASSETCATALOG_COMPILER_GLOBAL_ACCENT_COLOR_NAME = AccentColor;
				CODE_SIGN_ENTITLEMENTS = McLeitstelle/McLeitstelle.entitlements;
				CODE_SIGN_STYLE = Automatic;
				CURRENT_PROJECT_VERSION = 1;
				DEVELOPMENT_ASSET_PATHS = "\"McLeitstelle/Preview Content\"";
				DEVELOPMENT_TEAM = T6Y826PCAK;
				ENABLE_HARDENED_RUNTIME = YES;
				ENABLE_PREVIEWS = YES;
				GENERATE_INFOPLIST_FILE = YES;
				INFOPLIST_KEY_CFBundleDisplayName = McLeitstelle;
				INFOPLIST_KEY_LSApplicationCategoryType = "public.app-category.strategy-games";
				"INFOPLIST_KEY_UIApplicationSceneManifest_Generation[sdk=iphoneos*]" = YES;
				"INFOPLIST_KEY_UIApplicationSceneManifest_Generation[sdk=iphonesimulator*]" = YES;
				"INFOPLIST_KEY_UIApplicationSupportsIndirectInputEvents[sdk=iphoneos*]" = YES;
				"INFOPLIST_KEY_UIApplicationSupportsIndirectInputEvents[sdk=iphonesimulator*]" = YES;
				"INFOPLIST_KEY_UILaunchScreen_Generation[sdk=iphoneos*]" = YES;
				"INFOPLIST_KEY_UILaunchScreen_Generation[sdk=iphonesimulator*]" = YES;
				"INFOPLIST_KEY_UIStatusBarStyle[sdk=iphoneos*]" = UIStatusBarStyleDefault;
				"INFOPLIST_KEY_UIStatusBarStyle[sdk=iphonesimulator*]" = UIStatusBarStyleDefault;
				INFOPLIST_KEY_UISupportedInterfaceOrientations_iPad = "UIInterfaceOrientationPortrait UIInterfaceOrientationPortraitUpsideDown UIInterfaceOrientationLandscapeLeft UIInterfaceOrientationLandscapeRight";
				INFOPLIST_KEY_UISupportedInterfaceOrientations_iPhone = "UIInterfaceOrientationPortrait UIInterfaceOrientationLandscapeLeft UIInterfaceOrientationLandscapeRight";
				IPHONEOS_DEPLOYMENT_TARGET = 17.0;
				LD_RUNPATH_SEARCH_PATHS = "@executable_path/Frameworks";
				"LD_RUNPATH_SEARCH_PATHS[sdk=macosx*]" = "@executable_path/../Frameworks";
				MACOSX_DEPLOYMENT_TARGET = 14.0;
				MARKETING_VERSION = 1.0;
				PRODUCT_BUNDLE_IDENTIFIER = dev.paulober.McLeitstelle;
				PRODUCT_NAME = "$(TARGET_NAME)";
				SDKROOT = auto;
				SUPPORTED_PLATFORMS = "iphoneos iphonesimulator macosx";
				SWIFT_EMIT_LOC_STRINGS = YES;
				SWIFT_VERSION = 5.0;
				TARGETED_DEVICE_FAMILY = "1,2";
			};
			name = Release;
		};
/* End XCBuildConfiguration section */

/* Begin XCConfigurationList section */
		B1424A762ACDE93000CBDCF3 /* Build configuration list for PBXNativeTarget "McLeitstelleCli" */ = {
			isa = XCConfigurationList;
			buildConfigurations = (
				B1424A772ACDE93000CBDCF3 /* Debug */,
				B1424A782ACDE93000CBDCF3 /* Release */,
			);
			defaultConfigurationIsVisible = 0;
			defaultConfigurationName = Release;
		};
		B19ADC0B2AA0F6E20013B88C /* Build configuration list for PBXProject "McLeitstelle" */ = {
			isa = XCConfigurationList;
			buildConfigurations = (
				B19ADC1F2AA0F6E30013B88C /* Debug */,
				B19ADC202AA0F6E30013B88C /* Release */,
			);
			defaultConfigurationIsVisible = 0;
			defaultConfigurationName = Release;
		};
		B19ADC212AA0F6E30013B88C /* Build configuration list for PBXNativeTarget "McLeitstelle" */ = {
			isa = XCConfigurationList;
			buildConfigurations = (
				B19ADC222AA0F6E30013B88C /* Debug */,
				B19ADC232AA0F6E30013B88C /* Release */,
			);
			defaultConfigurationIsVisible = 0;
			defaultConfigurationName = Release;
		};
/* End XCConfigurationList section */

/* Begin XCSwiftPackageProductDependency section */
		B1424A792ACDE9E000CBDCF3 /* LssKit */ = {
			isa = XCSwiftPackageProductDependency;
			productName = LssKit;
		};
		B18FD8FD2AA36FB90094FFBC /* LssKit */ = {
			isa = XCSwiftPackageProductDependency;
			productName = LssKit;
		};
/* End XCSwiftPackageProductDependency section */
	};
	rootObject = B19ADC082AA0F6E20013B88C /* Project object */;
}
